
Microsoft Visual Studio Solution File, Format Version 12.00
# Visual Studio 15
VisualStudioVersion = 15.0.26430.14
MinimumVisualStudioVersion = 10.0.40219.1
Project("{FAE04EC0-301F-11D3-BF4B-00C04F79EFBC}") = "AnnieConsole", "..\AnnieConsole\AnnieConsole.csproj", "{E56FF2B2-2C06-4177-80D5-0C546574D4E6}"
EndProject
Project("{FAE04EC0-301F-11D3-BF4B-00C04F79EFBC}") = "AnnieGUI", "AnnieGUI\AnnieGUI.csproj", "{D3951D81-7779-4673-9800-7B0DB92E2B6B}"
EndProject
Global
	GlobalSection(SolutionConfigurationPlatforms) = preSolution
		Debug|Any CPU = Debug|Any CPU
		Release|Any CPU = Release|Any CPU
	EndGlobalSection
	GlobalSection(ProjectConfigurationPlatforms) = postSolution
		{E56FF2B2-2C06-4177-80D5-0C546574D4E6}.Debug|Any CPU.ActiveCfg = Debug|Any CPU
		{E56FF2B2-2C06-4177-80D5-0C546574D4E6}.Debug|Any CPU.Build.0 = Debug|Any CPU
		{E56FF2B2-2C06-4177-80D5-0C546574D4E6}.Release|Any CPU.ActiveCfg = Release|Any CPU
		{E56FF2B2-2C06-4177-80D5-0C546574D4E6}.Release|Any CPU.Build.0 = Release|Any CPU
		{D3951D81-7779-4673-9800-7B0DB92E2B6B}.Debug|Any CPU.ActiveCfg = Debug|Any CPU
		{D3951D81-7779-4673-9800-7B0DB92E2B6B}.Debug|Any CPU.Build.0 = Debug|Any CPU
		{D3951D81-7779-4673-9800-7B0DB92E2B6B}.Release|Any CPU.ActiveCfg = Release|Any CPU
		{D3951D81-7779-4673-9800-7B0DB92E2B6B}.Release|Any CPU.Build.0 = Release|Any CPU
	EndGlobalSection
	GlobalSection(SolutionProperties) = preSolution
		HideSolutionNode = FALSE
	EndGlobalSection
EndGlobal
